// !$*UTF8*$!
{
	archiveVersion = 1;
	classes = {
	};
	objectVersion = 46;
	objects = {

/* Begin PBXBuildFile section */
		4635AF6613312DB700F8185D /* UsersViewController.m in Sources */ = {isa = PBXBuildFile; fileRef = 4635AF6413312DB700F8185D /* UsersViewController.m */; };
		4635AF6713312DB700F8185D /* UsersView.xib in Resources */ = {isa = PBXBuildFile; fileRef = 4635AF6513312DB700F8185D /* UsersView.xib */; };
		4639BF3613309E3D0080EA4D /* UIKit.framework in Frameworks */ = {isa = PBXBuildFile; fileRef = 4639BF3513309E3D0080EA4D /* UIKit.framework */; };
		4639BF3813309E3D0080EA4D /* Foundation.framework in Frameworks */ = {isa = PBXBuildFile; fileRef = 4639BF3713309E3D0080EA4D /* Foundation.framework */; };
		4639BF3A13309E3D0080EA4D /* CoreGraphics.framework in Frameworks */ = {isa = PBXBuildFile; fileRef = 4639BF3913309E3D0080EA4D /* CoreGraphics.framework */; };
		4639BF4013309E3D0080EA4D /* InfoPlist.strings in Resources */ = {isa = PBXBuildFile; fileRef = 4639BF3E13309E3D0080EA4D /* InfoPlist.strings */; };
		4639BF4313309E3D0080EA4D /* main.m in Sources */ = {isa = PBXBuildFile; fileRef = 4639BF4213309E3D0080EA4D /* main.m */; };
		4639BF4613309E3D0080EA4D /* My_Kid_Asked_MeAppDelegate.m in Sources */ = {isa = PBXBuildFile; fileRef = 4639BF4513309E3D0080EA4D /* My_Kid_Asked_MeAppDelegate.m */; };
		4639BF4913309E3D0080EA4D /* MainWindow.xib in Resources */ = {isa = PBXBuildFile; fileRef = 4639BF4713309E3D0080EA4D /* MainWindow.xib */; };
		4639BF4C13309E3D0080EA4D /* QuestionsViewController.m in Sources */ = {isa = PBXBuildFile; fileRef = 4639BF4B13309E3D0080EA4D /* QuestionsViewController.m */; };
		4639BF4F13309E3D0080EA4D /* AnswersViewController.m in Sources */ = {isa = PBXBuildFile; fileRef = 4639BF4E13309E3D0080EA4D /* AnswersViewController.m */; };
		4639BF5213309E3D0080EA4D /* QuestionsView.xib in Resources */ = {isa = PBXBuildFile; fileRef = 4639BF5013309E3D0080EA4D /* QuestionsView.xib */; };
		4639BF5513309E3D0080EA4D /* AnswersView.xib in Resources */ = {isa = PBXBuildFile; fileRef = 4639BF5313309E3D0080EA4D /* AnswersView.xib */; };
		465D081B13E94E67006A3FBC /* QuestionsNavController.m in Sources */ = {isa = PBXBuildFile; fileRef = 465D081A13E94E67006A3FBC /* QuestionsNavController.m */; };
		466C968113EBD38800CD6CF4 /* QuestionSearchViewController.m in Sources */ = {isa = PBXBuildFile; fileRef = 466C967F13EBD38800CD6CF4 /* QuestionSearchViewController.m */; };
		466C968213EBD38800CD6CF4 /* QuestionSearchView.xib in Resources */ = {isa = PBXBuildFile; fileRef = 466C968013EBD38800CD6CF4 /* QuestionSearchView.xib */; };
		46E6D77A13E31F13009C17D5 /* XMLReader.m in Sources */ = {isa = PBXBuildFile; fileRef = 46E6D77913E31F13009C17D5 /* XMLReader.m */; };
		46E6D77C13E688DE009C17D5 /* QuestionDetailView.xib in Resources */ = {isa = PBXBuildFile; fileRef = 46E6D77B13E688DE009C17D5 /* QuestionDetailView.xib */; };
		46E6D77F13E68955009C17D5 /* QuestionDetailViewController.m in Sources */ = {isa = PBXBuildFile; fileRef = 46E6D77E13E68955009C17D5 /* QuestionDetailViewController.m */; };
		46F9405F133283E0002782F0 /* QuestionsModel.xcdatamodeld in Sources */ = {isa = PBXBuildFile; fileRef = 46F9405D133283E0002782F0 /* QuestionsModel.xcdatamodeld */; };
/* End PBXBuildFile section */

/* Begin PBXFileReference section */
		4635AF6313312DB700F8185D /* UsersViewController.h */ = {isa = PBXFileReference; fileEncoding = 4; lastKnownFileType = sourcecode.c.h; path = UsersViewController.h; sourceTree = "<group>"; };
		4635AF6413312DB700F8185D /* UsersViewController.m */ = {isa = PBXFileReference; fileEncoding = 4; lastKnownFileType = sourcecode.c.objc; path = UsersViewController.m; sourceTree = "<group>"; };
		4635AF6513312DB700F8185D /* UsersView.xib */ = {isa = PBXFileReference; fileEncoding = 4; lastKnownFileType = file.xib; path = UsersView.xib; sourceTree = "<group>"; };
		4639BF3113309E3C0080EA4D /* My Kid Asked Me.app */ = {isa = PBXFileReference; explicitFileType = wrapper.application; includeInIndex = 0; path = "My Kid Asked Me.app"; sourceTree = BUILT_PRODUCTS_DIR; };
		4639BF3513309E3D0080EA4D /* UIKit.framework */ = {isa = PBXFileReference; lastKnownFileType = wrapper.framework; name = UIKit.framework; path = System/Library/Frameworks/UIKit.framework; sourceTree = SDKROOT; };
		4639BF3713309E3D0080EA4D /* Foundation.framework */ = {isa = PBXFileReference; lastKnownFileType = wrapper.framework; name = Foundation.framework; path = System/Library/Frameworks/Foundation.framework; sourceTree = SDKROOT; };
		4639BF3913309E3D0080EA4D /* CoreGraphics.framework */ = {isa = PBXFileReference; lastKnownFileType = wrapper.framework; name = CoreGraphics.framework; path = System/Library/Frameworks/CoreGraphics.framework; sourceTree = SDKROOT; };
		4639BF3D13309E3D0080EA4D /* My Kid Asked Me-Info.plist */ = {isa = PBXFileReference; lastKnownFileType = text.plist.xml; path = "My Kid Asked Me-Info.plist"; sourceTree = "<group>"; };
		4639BF3F13309E3D0080EA4D /* en */ = {isa = PBXFileReference; lastKnownFileType = text.plist.strings; name = en; path = en.lproj/InfoPlist.strings; sourceTree = "<group>"; };
		4639BF4113309E3D0080EA4D /* My Kid Asked Me-Prefix.pch */ = {isa = PBXFileReference; lastKnownFileType = sourcecode.c.h; path = "My Kid Asked Me-Prefix.pch"; sourceTree = "<group>"; };
		4639BF4213309E3D0080EA4D /* main.m */ = {isa = PBXFileReference; lastKnownFileType = sourcecode.c.objc; path = main.m; sourceTree = "<group>"; };
		4639BF4413309E3D0080EA4D /* My_Kid_Asked_MeAppDelegate.h */ = {isa = PBXFileReference; lastKnownFileType = sourcecode.c.h; path = My_Kid_Asked_MeAppDelegate.h; sourceTree = "<group>"; };
		4639BF4513309E3D0080EA4D /* My_Kid_Asked_MeAppDelegate.m */ = {isa = PBXFileReference; lastKnownFileType = sourcecode.c.objc; path = My_Kid_Asked_MeAppDelegate.m; sourceTree = "<group>"; };
		4639BF4813309E3D0080EA4D /* en */ = {isa = PBXFileReference; lastKnownFileType = file.xib; name = en; path = en.lproj/MainWindow.xib; sourceTree = "<group>"; };
		4639BF4A13309E3D0080EA4D /* QuestionsViewController.h */ = {isa = PBXFileReference; lastKnownFileType = sourcecode.c.h; path = QuestionsViewController.h; sourceTree = "<group>"; };
		4639BF4B13309E3D0080EA4D /* QuestionsViewController.m */ = {isa = PBXFileReference; lastKnownFileType = sourcecode.c.objc; path = QuestionsViewController.m; sourceTree = "<group>"; };
		4639BF4D13309E3D0080EA4D /* AnswersViewController.h */ = {isa = PBXFileReference; lastKnownFileType = sourcecode.c.h; path = AnswersViewController.h; sourceTree = "<group>"; };
		4639BF4E13309E3D0080EA4D /* AnswersViewController.m */ = {isa = PBXFileReference; lastKnownFileType = sourcecode.c.objc; path = AnswersViewController.m; sourceTree = "<group>"; };
		4639BF5113309E3D0080EA4D /* en */ = {isa = PBXFileReference; lastKnownFileType = file.xib; name = en; path = en.lproj/QuestionsView.xib; sourceTree = "<group>"; };
		4639BF5413309E3D0080EA4D /* en */ = {isa = PBXFileReference; lastKnownFileType = file.xib; name = en; path = en.lproj/AnswersView.xib; sourceTree = "<group>"; };
		465D081913E94E67006A3FBC /* QuestionsNavController.h */ = {isa = PBXFileReference; fileEncoding = 4; lastKnownFileType = sourcecode.c.h; path = QuestionsNavController.h; sourceTree = "<group>"; };
		465D081A13E94E67006A3FBC /* QuestionsNavController.m */ = {isa = PBXFileReference; fileEncoding = 4; lastKnownFileType = sourcecode.c.objc; path = QuestionsNavController.m; sourceTree = "<group>"; };
		466C967E13EBD38800CD6CF4 /* QuestionSearchViewController.h */ = {isa = PBXFileReference; fileEncoding = 4; lastKnownFileType = sourcecode.c.h; path = QuestionSearchViewController.h; sourceTree = "<group>"; };
		466C967F13EBD38800CD6CF4 /* QuestionSearchViewController.m */ = {isa = PBXFileReference; fileEncoding = 4; lastKnownFileType = sourcecode.c.objc; path = QuestionSearchViewController.m; sourceTree = "<group>"; };
		466C968013EBD38800CD6CF4 /* QuestionSearchView.xib */ = {isa = PBXFileReference; fileEncoding = 4; lastKnownFileType = file.xib; path = QuestionSearchView.xib; sourceTree = "<group>"; };
		46E6D77813E31F13009C17D5 /* XMLReader.h */ = {isa = PBXFileReference; fileEncoding = 4; lastKnownFileType = sourcecode.c.h; path = XMLReader.h; sourceTree = "<group>"; };
		46E6D77913E31F13009C17D5 /* XMLReader.m */ = {isa = PBXFileReference; fileEncoding = 4; lastKnownFileType = sourcecode.c.objc; path = XMLReader.m; sourceTree = "<group>"; };
		46E6D77B13E688DE009C17D5 /* QuestionDetailView.xib */ = {isa = PBXFileReference; fileEncoding = 4; lastKnownFileType = file.xib; path = QuestionDetailView.xib; sourceTree = "<group>"; };
		46E6D77D13E68955009C17D5 /* QuestionDetailViewController.h */ = {isa = PBXFileReference; fileEncoding = 4; lastKnownFileType = sourcecode.c.h; path = QuestionDetailViewController.h; sourceTree = "<group>"; };
		46E6D77E13E68955009C17D5 /* QuestionDetailViewController.m */ = {isa = PBXFileReference; fileEncoding = 4; lastKnownFileType = sourcecode.c.objc; path = QuestionDetailViewController.m; sourceTree = "<group>"; };
		46F9405E133283E0002782F0 /* QuestionsModel.xcdatamodel */ = {isa = PBXFileReference; lastKnownFileType = wrapper.xcdatamodel; path = QuestionsModel.xcdatamodel; sourceTree = "<group>"; };
/* End PBXFileReference section */

/* Begin PBXFrameworksBuildPhase section */
		4639BF2E13309E3C0080EA4D /* Frameworks */ = {
			isa = PBXFrameworksBuildPhase;
			buildActionMask = 2147483647;
			files = (
				4639BF3613309E3D0080EA4D /* UIKit.framework in Frameworks */,
				4639BF3813309E3D0080EA4D /* Foundation.framework in Frameworks */,
				4639BF3A13309E3D0080EA4D /* CoreGraphics.framework in Frameworks */,
			);
			runOnlyForDeploymentPostprocessing = 0;
		};
/* End PBXFrameworksBuildPhase section */

/* Begin PBXGroup section */
		4639BF2613309E3C0080EA4D = {
			isa = PBXGroup;
			children = (
				4639BF3B13309E3D0080EA4D /* My Kid Asked Me */,
				4639BF3413309E3D0080EA4D /* Frameworks */,
				4639BF3213309E3C0080EA4D /* Products */,
			);
			sourceTree = "<group>";
		};
		4639BF3213309E3C0080EA4D /* Products */ = {
			isa = PBXGroup;
			children = (
				4639BF3113309E3C0080EA4D /* My Kid Asked Me.app */,
			);
			name = Products;
			sourceTree = "<group>";
		};
		4639BF3413309E3D0080EA4D /* Frameworks */ = {
			isa = PBXGroup;
			children = (
				4639BF3513309E3D0080EA4D /* UIKit.framework */,
				4639BF3713309E3D0080EA4D /* Foundation.framework */,
				4639BF3913309E3D0080EA4D /* CoreGraphics.framework */,
			);
			name = Frameworks;
			sourceTree = "<group>";
		};
		4639BF3B13309E3D0080EA4D /* My Kid Asked Me */ = {
			isa = PBXGroup;
			children = (
				46E6D77613E31EE6009C17D5 /* XMLReader */,
				4639BF4413309E3D0080EA4D /* My_Kid_Asked_MeAppDelegate.h */,
				4639BF4513309E3D0080EA4D /* My_Kid_Asked_MeAppDelegate.m */,
				4639BF4713309E3D0080EA4D /* MainWindow.xib */,
				4639BF4A13309E3D0080EA4D /* QuestionsViewController.h */,
				4639BF4B13309E3D0080EA4D /* QuestionsViewController.m */,
				466C967E13EBD38800CD6CF4 /* QuestionSearchViewController.h */,
				466C967F13EBD38800CD6CF4 /* QuestionSearchViewController.m */,
				466C968013EBD38800CD6CF4 /* QuestionSearchView.xib */,
				46E6D77B13E688DE009C17D5 /* QuestionDetailView.xib */,
				46E6D77D13E68955009C17D5 /* QuestionDetailViewController.h */,
				46E6D77E13E68955009C17D5 /* QuestionDetailViewController.m */,
				46F9405D133283E0002782F0 /* QuestionsModel.xcdatamodeld */,
				4639BF4D13309E3D0080EA4D /* AnswersViewController.h */,
				4639BF4E13309E3D0080EA4D /* AnswersViewController.m */,
				4635AF6313312DB700F8185D /* UsersViewController.h */,
				4635AF6413312DB700F8185D /* UsersViewController.m */,
				4635AF6513312DB700F8185D /* UsersView.xib */,
				4639BF5013309E3D0080EA4D /* QuestionsView.xib */,
				465D081913E94E67006A3FBC /* QuestionsNavController.h */,
				465D081A13E94E67006A3FBC /* QuestionsNavController.m */,
				4639BF5313309E3D0080EA4D /* AnswersView.xib */,
				4639BF3C13309E3D0080EA4D /* Supporting Files */,
			);
			path = "My Kid Asked Me";
			sourceTree = "<group>";
		};
		4639BF3C13309E3D0080EA4D /* Supporting Files */ = {
			isa = PBXGroup;
			children = (
				4639BF3D13309E3D0080EA4D /* My Kid Asked Me-Info.plist */,
				4639BF3E13309E3D0080EA4D /* InfoPlist.strings */,
				4639BF4113309E3D0080EA4D /* My Kid Asked Me-Prefix.pch */,
				4639BF4213309E3D0080EA4D /* main.m */,
			);
			name = "Supporting Files";
			sourceTree = "<group>";
		};
		46E6D77613E31EE6009C17D5 /* XMLReader */ = {
			isa = PBXGroup;
			children = (
				46E6D77813E31F13009C17D5 /* XMLReader.h */,
				46E6D77913E31F13009C17D5 /* XMLReader.m */,
			);
			name = XMLReader;
			sourceTree = "<group>";
		};
/* End PBXGroup section */

/* Begin PBXNativeTarget section */
		4639BF3013309E3C0080EA4D /* My Kid Asked Me */ = {
			isa = PBXNativeTarget;
			buildConfigurationList = 4639BF5813309E3D0080EA4D /* Build configuration list for PBXNativeTarget "My Kid Asked Me" */;
			buildPhases = (
				4639BF2D13309E3C0080EA4D /* Sources */,
				4639BF2E13309E3C0080EA4D /* Frameworks */,
				4639BF2F13309E3C0080EA4D /* Resources */,
			);
			buildRules = (
			);
			dependencies = (
			);
			name = "My Kid Asked Me";
			productName = "My Kid Asked Me";
			productReference = 4639BF3113309E3C0080EA4D /* My Kid Asked Me.app */;
			productType = "com.apple.product-type.application";
		};
/* End PBXNativeTarget section */

/* Begin PBXProject section */
		4639BF2813309E3C0080EA4D /* Project object */ = {
			isa = PBXProject;
			buildConfigurationList = 4639BF2B13309E3C0080EA4D /* Build configuration list for PBXProject "My Kid Asked Me" */;
			compatibilityVersion = "Xcode 3.2";
			developmentRegion = English;
			hasScannedForEncodings = 0;
			knownRegions = (
				en,
			);
			mainGroup = 4639BF2613309E3C0080EA4D;
			productRefGroup = 4639BF3213309E3C0080EA4D /* Products */;
			projectDirPath = "";
			projectRoot = "";
			targets = (
				4639BF3013309E3C0080EA4D /* My Kid Asked Me */,
			);
		};
/* End PBXProject section */

/* Begin PBXResourcesBuildPhase section */
		4639BF2F13309E3C0080EA4D /* Resources */ = {
			isa = PBXResourcesBuildPhase;
			buildActionMask = 2147483647;
			files = (
				4639BF4013309E3D0080EA4D /* InfoPlist.strings in Resources */,
				4639BF4913309E3D0080EA4D /* MainWindow.xib in Resources */,
				4639BF5213309E3D0080EA4D /* QuestionsView.xib in Resources */,
				4639BF5513309E3D0080EA4D /* AnswersView.xib in Resources */,
				4635AF6713312DB700F8185D /* UsersView.xib in Resources */,
				46E6D77C13E688DE009C17D5 /* QuestionDetailView.xib in Resources */,
				466C968213EBD38800CD6CF4 /* QuestionSearchView.xib in Resources */,
			);
			runOnlyForDeploymentPostprocessing = 0;
		};
/* End PBXResourcesBuildPhase section */

/* Begin PBXSourcesBuildPhase section */
		4639BF2D13309E3C0080EA4D /* Sources */ = {
			isa = PBXSourcesBuildPhase;
			buildActionMask = 2147483647;
			files = (
				4639BF4313309E3D0080EA4D /* main.m in Sources */,
				4639BF4613309E3D0080EA4D /* My_Kid_Asked_MeAppDelegate.m in Sources */,
				4639BF4C13309E3D0080EA4D /* QuestionsViewController.m in Sources */,
				4639BF4F13309E3D0080EA4D /* AnswersViewController.m in Sources */,
				4635AF6613312DB700F8185D /* UsersViewController.m in Sources */,
				46F9405F133283E0002782F0 /* QuestionsModel.xcdatamodeld in Sources */,
				46E6D77A13E31F13009C17D5 /* XMLReader.m in Sources */,
				46E6D77F13E68955009C17D5 /* QuestionDetailViewController.m in Sources */,
				465D081B13E94E67006A3FBC /* QuestionsNavController.m in Sources */,
				466C968113EBD38800CD6CF4 /* QuestionSearchViewController.m in Sources */,
			);
			runOnlyForDeploymentPostprocessing = 0;
		};
/* End PBXSourcesBuildPhase section */

/* Begin PBXVariantGroup section */
		4639BF3E13309E3D0080EA4D /* InfoPlist.strings */ = {
			isa = PBXVariantGroup;
			children = (
				4639BF3F13309E3D0080EA4D /* en */,
			);
			name = InfoPlist.strings;
			sourceTree = "<group>";
		};
		4639BF4713309E3D0080EA4D /* MainWindow.xib */ = {
			isa = PBXVariantGroup;
			children = (
				4639BF4813309E3D0080EA4D /* en */,
			);
			name = MainWindow.xib;
			sourceTree = "<group>";
		};
		4639BF5013309E3D0080EA4D /* QuestionsView.xib */ = {
			isa = PBXVariantGroup;
			children = (
				4639BF5113309E3D0080EA4D /* en */,
			);
			name = QuestionsView.xib;
			sourceTree = "<group>";
		};
		4639BF5313309E3D0080EA4D /* AnswersView.xib */ = {
			isa = PBXVariantGroup;
			children = (
				4639BF5413309E3D0080EA4D /* en */,
			);
			name = AnswersView.xib;
			sourceTree = "<group>";
		};
/* End PBXVariantGroup section */

/* Begin XCBuildConfiguration section */
		4639BF5613309E3D0080EA4D /* Debug */ = {
			isa = XCBuildConfiguration;
			buildSettings = {
				ARCHS = "$(ARCHS_STANDARD_32_BIT)";
				"CODE_SIGN_IDENTITY[sdk=iphoneos*]" = "iPhone Developer";
				GCC_C_LANGUAGE_STANDARD = gnu99;
				GCC_OPTIMIZATION_LEVEL = 0;
				GCC_PREPROCESSOR_DEFINITIONS = DEBUG;
				GCC_SYMBOLS_PRIVATE_EXTERN = NO;
				GCC_VERSION = com.apple.compilers.llvmgcc42;
				GCC_WARN_ABOUT_RETURN_TYPE = YES;
				GCC_WARN_UNUSED_VARIABLE = YES;
				IPHONEOS_DEPLOYMENT_TARGET = 4.3;
				SDKROOT = iphoneos;
			};
			name = Debug;
		};
		4639BF5713309E3D0080EA4D /* Release */ = {
			isa = XCBuildConfiguration;
			buildSettings = {
				ARCHS = "$(ARCHS_STANDARD_32_BIT)";
				"CODE_SIGN_IDENTITY[sdk=iphoneos*]" = "iPhone Developer";
				GCC_C_LANGUAGE_STANDARD = gnu99;
				GCC_VERSION = com.apple.compilers.llvmgcc42;
				GCC_WARN_ABOUT_RETURN_TYPE = YES;
				GCC_WARN_UNUSED_VARIABLE = YES;
				IPHONEOS_DEPLOYMENT_TARGET = 4.3;
				OTHER_CFLAGS = "-DNS_BLOCK_ASSERTIONS=1";
				SDKROOT = iphoneos;
			};
			name = Release;
		};
		4639BF5913309E3D0080EA4D /* Debug */ = {
			isa = XCBuildConfiguration;
			buildSettings = {
				ALWAYS_SEARCH_USER_PATHS = NO;
				COPY_PHASE_STRIP = NO;
				GCC_DYNAMIC_NO_PIC = NO;
				GCC_PRECOMPILE_PREFIX_HEADER = YES;
				GCC_PREFIX_HEADER = "My Kid Asked Me/My Kid Asked Me-Prefix.pch";
				INFOPLIST_FILE = "My Kid Asked Me/My Kid Asked Me-Info.plist";
				PRODUCT_NAME = "$(TARGET_NAME)";
				WRAPPER_EXTENSION = app;
			};
			name = Debug;
		};
		4639BF5A13309E3D0080EA4D /* Release */ = {
			isa = XCBuildConfiguration;
			buildSettings = {
				ALWAYS_SEARCH_USER_PATHS = NO;
				COPY_PHASE_STRIP = YES;
				GCC_PRECOMPILE_PREFIX_HEADER = YES;
				GCC_PREFIX_HEADER = "My Kid Asked Me/My Kid Asked Me-Prefix.pch";
				INFOPLIST_FILE = "My Kid Asked Me/My Kid Asked Me-Info.plist";
				PRODUCT_NAME = "$(TARGET_NAME)";
				VALIDATE_PRODUCT = YES;
				WRAPPER_EXTENSION = app;
			};
			name = Release;
		};
/* End XCBuildConfiguration section */

/* Begin XCConfigurationList section */
		4639BF2B13309E3C0080EA4D /* Build configuration list for PBXProject "My Kid Asked Me" */ = {
			isa = XCConfigurationList;
			buildConfigurations = (
				4639BF5613309E3D0080EA4D /* Debug */,
				4639BF5713309E3D0080EA4D /* Release */,
			);
			defaultConfigurationIsVisible = 0;
			defaultConfigurationName = Release;
		};
		4639BF5813309E3D0080EA4D /* Build configuration list for PBXNativeTarget "My Kid Asked Me" */ = {
			isa = XCConfigurationList;
			buildConfigurations = (
				4639BF5913309E3D0080EA4D /* Debug */,
				4639BF5A13309E3D0080EA4D /* Release */,
			);
			defaultConfigurationIsVisible = 0;
			defaultConfigurationName = Release;
		};
/* End XCConfigurationList section */

/* Begin XCVersionGroup section */
		46F9405D133283E0002782F0 /* QuestionsModel.xcdatamodeld */ = {
			isa = XCVersionGroup;
			children = (
				46F9405E133283E0002782F0 /* QuestionsModel.xcdatamodel */,
			);
			currentVersion = 46F9405E133283E0002782F0 /* QuestionsModel.xcdatamodel */;
			path = QuestionsModel.xcdatamodeld;
			sourceTree = "<group>";
			versionGroupType = wrapper.xcdatamodel;
		};
/* End XCVersionGroup section */
	};
	rootObject = 4639BF2813309E3C0080EA4D /* Project object */;
}
